
Microsoft Visual Studio Solution File, Format Version 12.00
# Visual Studio Version 17
VisualStudioVersion = 17.3.32825.248
MinimumVisualStudioVersion = 10.0.40219.1
Project("{FAE04EC0-301F-11D3-BF4B-00C04F79EFBC}") = "Stair_Count", "Stair_Count\Stair_Count.csproj", "{A672BE52-B30F-4AE8-9B8B-01F9B8B31314}"
EndProject
Global
	GlobalSection(SolutionConfigurationPlatforms) = preSolution
		Debug|Any CPU = Debug|Any CPU
		Release|Any CPU = Release|Any CPU
	EndGlobalSection
	GlobalSection(ProjectConfigurationPlatforms) = postSolution
		{A672BE52-B30F-4AE8-9B8B-01F9B8B31314}.Debug|Any CPU.ActiveCfg = Debug|Any CPU
		{A672BE52-B30F-4AE8-9B8B-01F9B8B31314}.Debug|Any CPU.Build.0 = Debug|Any CPU
		{A672BE52-B30F-4AE8-9B8B-01F9B8B31314}.Release|Any CPU.ActiveCfg = Release|Any CPU
		{A672BE52-B30F-4AE8-9B8B-01F9B8B31314}.Release|Any CPU.Build.0 = Release|Any CPU
	EndGlobalSection
	GlobalSection(SolutionProperties) = preSolution
		HideSolutionNode = FALSE
	EndGlobalSection
	GlobalSection(ExtensibilityGlobals) = postSolution
		SolutionGuid = {6A9AED4E-CE0D-4507-9361-7C0ED8C8244F}
	EndGlobalSection
EndGlobal
